// !$*UTF8*$!
{
	archiveVersion = 1;
	classes = {
	};
	objectVersion = 46;
	objects = {

/* Begin PBXBuildFile section */
		8F9FA83E193E3D4C00C52174 /* AppDelegate.swift in Sources */ = {isa = PBXBuildFile; fileRef = 8F9FA83D193E3D4C00C52174 /* AppDelegate.swift */; };
		8F9FA840193E3D4C00C52174 /* ViewController.swift in Sources */ = {isa = PBXBuildFile; fileRef = 8F9FA83F193E3D4C00C52174 /* ViewController.swift */; };
		8F9FA843193E3D4C00C52174 /* Main.storyboard in Resources */ = {isa = PBXBuildFile; fileRef = 8F9FA841193E3D4C00C52174 /* Main.storyboard */; };
		8F9FA845193E3D4C00C52174 /* Images.xcassets in Resources */ = {isa = PBXBuildFile; fileRef = 8F9FA844193E3D4C00C52174 /* Images.xcassets */; };
		8F9FA851193E3D4C00C52174 /* HelloSwiftTests.swift in Sources */ = {isa = PBXBuildFile; fileRef = 8F9FA850193E3D4C00C52174 /* HelloSwiftTests.swift */; };
/* End PBXBuildFile section */

/* Begin PBXContainerItemProxy section */
		8F9FA84B193E3D4C00C52174 /* PBXContainerItemProxy */ = {
			isa = PBXContainerItemProxy;
			containerPortal = 8F9FA830193E3D4C00C52174 /* Project object */;
			proxyType = 1;
			remoteGlobalIDString = 8F9FA837193E3D4C00C52174;
			remoteInfo = HelloSwift;
		};
/* End PBXContainerItemProxy section */

/* Begin PBXFileReference section */
		8F9FA838193E3D4C00C52174 /* HelloSwift.app */ = {isa = PBXFileReference; explicitFileType = wrapper.application; includeInIndex = 0; path = HelloSwift.app; sourceTree = BUILT_PRODUCTS_DIR; };
		8F9FA83C193E3D4C00C52174 /* Info.plist */ = {isa = PBXFileReference; lastKnownFileType = text.plist.xml; path = Info.plist; sourceTree = "<group>"; };
		8F9FA83D193E3D4C00C52174 /* AppDelegate.swift */ = {isa = PBXFileReference; lastKnownFileType = sourcecode.swift; path = AppDelegate.swift; sourceTree = "<group>"; };
		8F9FA83F193E3D4C00C52174 /* ViewController.swift */ = {isa = PBXFileReference; lastKnownFileType = sourcecode.swift; path = ViewController.swift; sourceTree = "<group>"; };
		8F9FA842193E3D4C00C52174 /* Base */ = {isa = PBXFileReference; lastKnownFileType = file.storyboard; name = Base; path = Base.lproj/Main.storyboard; sourceTree = "<group>"; };
		8F9FA844193E3D4C00C52174 /* Images.xcassets */ = {isa = PBXFileReference; lastKnownFileType = folder.assetcatalog; path = Images.xcassets; sourceTree = "<group>"; };
		8F9FA84A193E3D4C00C52174 /* HelloSwiftTests.xctest */ = {isa = PBXFileReference; explicitFileType = wrapper.cfbundle; includeInIndex = 0; path = HelloSwiftTests.xctest; sourceTree = BUILT_PRODUCTS_DIR; };
		8F9FA84F193E3D4C00C52174 /* Info.plist */ = {isa = PBXFileReference; lastKnownFileType = text.plist.xml; path = Info.plist; sourceTree = "<group>"; };
		8F9FA850193E3D4C00C52174 /* HelloSwiftTests.swift */ = {isa = PBXFileReference; lastKnownFileType = sourcecode.swift; path = HelloSwiftTests.swift; sourceTree = "<group>"; };
/* End PBXFileReference section */

/* Begin PBXFrameworksBuildPhase section */
		8F9FA835193E3D4C00C52174 /* Frameworks */ = {
			isa = PBXFrameworksBuildPhase;
			buildActionMask = 2147483647;
			files = (
			);
			runOnlyForDeploymentPostprocessing = 0;
		};
		8F9FA847193E3D4C00C52174 /* Frameworks */ = {
			isa = PBXFrameworksBuildPhase;
			buildActionMask = 2147483647;
			files = (
			);
			runOnlyForDeploymentPostprocessing = 0;
		};
/* End PBXFrameworksBuildPhase section */

/* Begin PBXGroup section */
		8F9FA82F193E3D4C00C52174 = {
			isa = PBXGroup;
			children = (
				8F9FA83A193E3D4C00C52174 /* HelloSwift */,
				8F9FA84D193E3D4C00C52174 /* HelloSwiftTests */,
				8F9FA839193E3D4C00C52174 /* Products */,
			);
			sourceTree = "<group>";
		};
		8F9FA839193E3D4C00C52174 /* Products */ = {
			isa = PBXGroup;
			children = (
				8F9FA838193E3D4C00C52174 /* HelloSwift.app */,
				8F9FA84A193E3D4C00C52174 /* HelloSwiftTests.xctest */,
			);
			name = Products;
			sourceTree = "<group>";
		};
		8F9FA83A193E3D4C00C52174 /* HelloSwift */ = {
			isa = PBXGroup;
			children = (
				8F9FA83D193E3D4C00C52174 /* AppDelegate.swift */,
				8F9FA83F193E3D4C00C52174 /* ViewController.swift */,
				8F9FA841193E3D4C00C52174 /* Main.storyboard */,
				8F9FA844193E3D4C00C52174 /* Images.xcassets */,
				8F9FA83B193E3D4C00C52174 /* Supporting Files */,
			);
			path = HelloSwift;
			sourceTree = "<group>";
		};
		8F9FA83B193E3D4C00C52174 /* Supporting Files */ = {
			isa = PBXGroup;
			children = (
				8F9FA83C193E3D4C00C52174 /* Info.plist */,
			);
			name = "Supporting Files";
			sourceTree = "<group>";
		};
		8F9FA84D193E3D4C00C52174 /* HelloSwiftTests */ = {
			isa = PBXGroup;
			children = (
				8F9FA850193E3D4C00C52174 /* HelloSwiftTests.swift */,
				8F9FA84E193E3D4C00C52174 /* Supporting Files */,
			);
			path = HelloSwiftTests;
			sourceTree = "<group>";
		};
		8F9FA84E193E3D4C00C52174 /* Supporting Files */ = {
			isa = PBXGroup;
			children = (
				8F9FA84F193E3D4C00C52174 /* Info.plist */,
			);
			name = "Supporting Files";
			sourceTree = "<group>";
		};
/* End PBXGroup section */

/* Begin PBXNativeTarget section */
		8F9FA837193E3D4C00C52174 /* HelloSwift */ = {
			isa = PBXNativeTarget;
			buildConfigurationList = 8F9FA854193E3D4C00C52174 /* Build configuration list for PBXNativeTarget "HelloSwift" */;
			buildPhases = (
				8F9FA834193E3D4C00C52174 /* Sources */,
				8F9FA835193E3D4C00C52174 /* Frameworks */,
				8F9FA836193E3D4C00C52174 /* Resources */,
			);
			buildRules = (
			);
			dependencies = (
			);
			name = HelloSwift;
			productName = HelloSwift;
			productReference = 8F9FA838193E3D4C00C52174 /* HelloSwift.app */;
			productType = "com.apple.product-type.application";
		};
		8F9FA849193E3D4C00C52174 /* HelloSwiftTests */ = {
			isa = PBXNativeTarget;
			buildConfigurationList = 8F9FA857193E3D4C00C52174 /* Build configuration list for PBXNativeTarget "HelloSwiftTests" */;
			buildPhases = (
				8F9FA846193E3D4C00C52174 /* Sources */,
				8F9FA847193E3D4C00C52174 /* Frameworks */,
				8F9FA848193E3D4C00C52174 /* Resources */,
			);
			buildRules = (
			);
			dependencies = (
				8F9FA84C193E3D4C00C52174 /* PBXTargetDependency */,
			);
			name = HelloSwiftTests;
			productName = HelloSwiftTests;
			productReference = 8F9FA84A193E3D4C00C52174 /* HelloSwiftTests.xctest */;
			productType = "com.apple.product-type.bundle.unit-test";
		};
/* End PBXNativeTarget section */

/* Begin PBXProject section */
		8F9FA830193E3D4C00C52174 /* Project object */ = {
			isa = PBXProject;
			attributes = {
				LastUpgradeCheck = 0600;
				ORGANIZATIONNAME = com.diegocaridei;
				TargetAttributes = {
					8F9FA837193E3D4C00C52174 = {
						CreatedOnToolsVersion = 6.0;
					};
					8F9FA849193E3D4C00C52174 = {
						CreatedOnToolsVersion = 6.0;
						TestTargetID = 8F9FA837193E3D4C00C52174;
					};
				};
			};
			buildConfigurationList = 8F9FA833193E3D4C00C52174 /* Build configuration list for PBXProject "HelloSwift" */;
			compatibilityVersion = "Xcode 3.2";
			developmentRegion = English;
			hasScannedForEncodings = 0;
			knownRegions = (
				en,
				Base,
			);
			mainGroup = 8F9FA82F193E3D4C00C52174;
			productRefGroup = 8F9FA839193E3D4C00C52174 /* Products */;
			projectDirPath = "";
			projectRoot = "";
			targets = (
				8F9FA837193E3D4C00C52174 /* HelloSwift */,
				8F9FA849193E3D4C00C52174 /* HelloSwiftTests */,
			);
		};
/* End PBXProject section */

/* Begin PBXResourcesBuildPhase section */
		8F9FA836193E3D4C00C52174 /* Resources */ = {
			isa = PBXResourcesBuildPhase;
			buildActionMask = 2147483647;
			files = (
				8F9FA843193E3D4C00C52174 /* Main.storyboard in Resources */,
				8F9FA845193E3D4C00C52174 /* Images.xcassets in Resources */,
			);
			runOnlyForDeploymentPostprocessing = 0;
		};
		8F9FA848193E3D4C00C52174 /* Resources */ = {
			isa = PBXResourcesBuildPhase;
			buildActionMask = 2147483647;
			files = (
			);
			runOnlyForDeploymentPostprocessing = 0;
		};
/* End PBXResourcesBuildPhase section */

/* Begin PBXSourcesBuildPhase section */
		8F9FA834193E3D4C00C52174 /* Sources */ = {
			isa = PBXSourcesBuildPhase;
			buildActionMask = 2147483647;
			files = (
				8F9FA840193E3D4C00C52174 /* ViewController.swift in Sources */,
				8F9FA83E193E3D4C00C52174 /* AppDelegate.swift in Sources */,
			);
			runOnlyForDeploymentPostprocessing = 0;
		};
		8F9FA846193E3D4C00C52174 /* Sources */ = {
			isa = PBXSourcesBuildPhase;
			buildActionMask = 2147483647;
			files = (
				8F9FA851193E3D4C00C52174 /* HelloSwiftTests.swift in Sources */,
			);
			runOnlyForDeploymentPostprocessing = 0;
		};
/* End PBXSourcesBuildPhase section */

/* Begin PBXTargetDependency section */
		8F9FA84C193E3D4C00C52174 /* PBXTargetDependency */ = {
			isa = PBXTargetDependency;
			target = 8F9FA837193E3D4C00C52174 /* HelloSwift */;
			targetProxy = 8F9FA84B193E3D4C00C52174 /* PBXContainerItemProxy */;
		};
/* End PBXTargetDependency section */

/* Begin PBXVariantGroup section */
		8F9FA841193E3D4C00C52174 /* Main.storyboard */ = {
			isa = PBXVariantGroup;
			children = (
				8F9FA842193E3D4C00C52174 /* Base */,
			);
			name = Main.storyboard;
			sourceTree = "<group>";
		};
/* End PBXVariantGroup section */

/* Begin XCBuildConfiguration section */
		8F9FA852193E3D4C00C52174 /* Debug */ = {
			isa = XCBuildConfiguration;
			buildSettings = {
				ALWAYS_SEARCH_USER_PATHS = NO;
				CLANG_CXX_LANGUAGE_STANDARD = "gnu++0x";
				CLANG_CXX_LIBRARY = "libc++";
				CLANG_ENABLE_MODULES = YES;
				CLANG_ENABLE_OBJC_ARC = YES;
				CLANG_WARN_BOOL_CONVERSION = YES;
				CLANG_WARN_CONSTANT_CONVERSION = YES;
				CLANG_WARN_DIRECT_OBJC_ISA_USAGE = YES_ERROR;
				CLANG_WARN_EMPTY_BODY = YES;
				CLANG_WARN_ENUM_CONVERSION = YES;
				CLANG_WARN_INT_CONVERSION = YES;
				CLANG_WARN_OBJC_ROOT_CLASS = YES_ERROR;
				CLANG_WARN_UNREACHABLE_CODE = YES;
				CLANG_WARN__DUPLICATE_METHOD_MATCH = YES;
				"CODE_SIGN_IDENTITY[sdk=iphoneos*]" = "iPhone Developer";
				COPY_PHASE_STRIP = NO;
				ENABLE_STRICT_OBJC_MSGSEND = YES;
				GCC_C_LANGUAGE_STANDARD = gnu99;
				GCC_DYNAMIC_NO_PIC = NO;
				GCC_OPTIMIZATION_LEVEL = 0;
				GCC_PREPROCESSOR_DEFINITIONS = (
					"DEBUG=1",
					"$(inherited)",
				);
				GCC_SYMBOLS_PRIVATE_EXTERN = NO;
				GCC_WARN_64_TO_32_BIT_CONVERSION = YES;
				GCC_WARN_ABOUT_RETURN_TYPE = YES_ERROR;
				GCC_WARN_UNDECLARED_SELECTOR = YES;
				GCC_WARN_UNINITIALIZED_AUTOS = YES_AGGRESSIVE;
				GCC_WARN_UNUSED_FUNCTION = YES;
				GCC_WARN_UNUSED_VARIABLE = YES;
				IPHONEOS_DEPLOYMENT_TARGET = 8.0;
				METAL_ENABLE_DEBUG_INFO = YES;
				ONLY_ACTIVE_ARCH = YES;
				SDKROOT = iphoneos;
				SWIFT_OPTIMIZATION_LEVEL = "-Onone";
			};
			name = Debug;
		};
		8F9FA853193E3D4C00C52174 /* Release */ = {
			isa = XCBuildConfiguration;
			buildSettings = {
				ALWAYS_SEARCH_USER_PATHS = NO;
				CLANG_CXX_LANGUAGE_STANDARD = "gnu++0x";
				CLANG_CXX_LIBRARY = "libc++";
				CLANG_ENABLE_MODULES = YES;
				CLANG_ENABLE_OBJC_ARC = YES;
				CLANG_WARN_BOOL_CONVERSION = YES;
				CLANG_WARN_CONSTANT_CONVERSION = YES;
				CLANG_WARN_DIRECT_OBJC_ISA_USAGE = YES_ERROR;
				CLANG_WARN_EMPTY_BODY = YES;
				CLANG_WARN_ENUM_CONVERSION = YES;
				CLANG_WARN_INT_CONVERSION = YES;
				CLANG_WARN_OBJC_ROOT_CLASS = YES_ERROR;
				CLANG_WARN_UNREACHABLE_CODE = YES;
				CLANG_WARN__DUPLICATE_METHOD_MATCH = YES;
				"CODE_SIGN_IDENTITY[sdk=iphoneos*]" = "iPhone Developer";
				COPY_PHASE_STRIP = YES;
				ENABLE_NS_ASSERTIONS = NO;
				ENABLE_STRICT_OBJC_MSGSEND = YES;
				GCC_C_LANGUAGE_STANDARD = gnu99;
				GCC_WARN_64_TO_32_BIT_CONVERSION = YES;
				GCC_WARN_ABOUT_RETURN_TYPE = YES_ERROR;
				GCC_WARN_UNDECLARED_SELECTOR = YES;
				GCC_WARN_UNINITIALIZED_AUTOS = YES_AGGRESSIVE;
				GCC_WARN_UNUSED_FUNCTION = YES;
				GCC_WARN_UNUSED_VARIABLE = YES;
				IPHONEOS_DEPLOYMENT_TARGET = 8.0;
				METAL_ENABLE_DEBUG_INFO = NO;
				SDKROOT = iphoneos;
				VALIDATE_PRODUCT = YES;
			};
			name = Release;
		};
		8F9FA855193E3D4C00C52174 /* Debug */ = {
			isa = XCBuildConfiguration;
			buildSettings = {
				ASSETCATALOG_COMPILER_APPICON_NAME = AppIcon;
				ASSETCATALOG_COMPILER_LAUNCHIMAGE_NAME = LaunchImage;
				INFOPLIST_FILE = HelloSwift/Info.plist;
				LD_RUNPATH_SEARCH_PATHS = "$(inherited) @executable_path/Frameworks";
				PRODUCT_NAME = "$(TARGET_NAME)";
			};
			name = Debug;
		};
		8F9FA856193E3D4C00C52174 /* Release */ = {
			isa = XCBuildConfiguration;
			buildSettings = {
				ASSETCATALOG_COMPILER_APPICON_NAME = AppIcon;
				ASSETCATALOG_COMPILER_LAUNCHIMAGE_NAME = LaunchImage;
				INFOPLIST_FILE = HelloSwift/Info.plist;
				LD_RUNPATH_SEARCH_PATHS = "$(inherited) @executable_path/Frameworks";
				PRODUCT_NAME = "$(TARGET_NAME)";
			};
			name = Release;
		};
		8F9FA858193E3D4C00C52174 /* Debug */ = {
			isa = XCBuildConfiguration;
			buildSettings = {
				BUNDLE_LOADER = "$(BUILT_PRODUCTS_DIR)/HelloSwift.app/HelloSwift";
				FRAMEWORK_SEARCH_PATHS = (
					"$(SDKROOT)/Developer/Library/Frameworks",
					"$(inherited)",
				);
				GCC_PREPROCESSOR_DEFINITIONS = (
					"DEBUG=1",
					"$(inherited)",
				);
				INFOPLIST_FILE = HelloSwiftTests/Info.plist;
				LD_RUNPATH_SEARCH_PATHS = "$(inherited) @executable_path/Frameworks @loader_path/Frameworks";
				METAL_ENABLE_DEBUG_INFO = YES;
				PRODUCT_NAME = "$(TARGET_NAME)";
				TEST_HOST = "$(BUNDLE_LOADER)";
			};
			name = Debug;
		};
		8F9FA859193E3D4C00C52174 /* Release */ = {
			isa = XCBuildConfiguration;
			buildSettings = {
				BUNDLE_LOADER = "$(BUILT_PRODUCTS_DIR)/HelloSwift.app/HelloSwift";
				FRAMEWORK_SEARCH_PATHS = (
					"$(SDKROOT)/Developer/Library/Frameworks",
					"$(inherited)",
				);
				INFOPLIST_FILE = HelloSwiftTests/Info.plist;
				LD_RUNPATH_SEARCH_PATHS = "$(inherited) @executable_path/Frameworks @loader_path/Frameworks";
				METAL_ENABLE_DEBUG_INFO = NO;
				PRODUCT_NAME = "$(TARGET_NAME)";
				TEST_HOST = "$(BUNDLE_LOADER)";
			};
			name = Release;
		};
/* End XCBuildConfiguration section */

/* Begin XCConfigurationList section */
		8F9FA833193E3D4C00C52174 /* Build configuration list for PBXProject "HelloSwift" */ = {
			isa = XCConfigurationList;
			buildConfigurations = (
				8F9FA852193E3D4C00C52174 /* Debug */,
				8F9FA853193E3D4C00C52174 /* Release */,
			);
			defaultConfigurationIsVisible = 0;
			defaultConfigurationName = Release;
		};
		8F9FA854193E3D4C00C52174 /* Build configuration list for PBXNativeTarget "HelloSwift" */ = {
			isa = XCConfigurationList;
			buildConfigurations = (
				8F9FA855193E3D4C00C52174 /* Debug */,
				8F9FA856193E3D4C00C52174 /* Release */,
			);
			defaultConfigurationIsVisible = 0;
		};
		8F9FA857193E3D4C00C52174 /* Build configuration list for PBXNativeTarget "HelloSwiftTests" */ = {
			isa = XCConfigurationList;
			buildConfigurations = (
				8F9FA858193E3D4C00C52174 /* Debug */,
				8F9FA859193E3D4C00C52174 /* Release */,
			);
			defaultConfigurationIsVisible = 0;
		};
/* End XCConfigurationList section */
	};
	rootObject = 8F9FA830193E3D4C00C52174 /* Project object */;
}
