// !$*UTF8*$!
{
	archiveVersion = 1;
	classes = {
	};
	objectVersion = 46;
	objects = {

/* Begin PBXBuildFile section */
		8FD3CC9519BA460800F39D8A /* AppDelegate.swift in Sources */ = {isa = PBXBuildFile; fileRef = 8FD3CC9419BA460800F39D8A /* AppDelegate.swift */; };
		8FD3CC9719BA460800F39D8A /* ViewController.swift in Sources */ = {isa = PBXBuildFile; fileRef = 8FD3CC9619BA460800F39D8A /* ViewController.swift */; };
		8FD3CC9A19BA460800F39D8A /* Main.storyboard in Resources */ = {isa = PBXBuildFile; fileRef = 8FD3CC9819BA460800F39D8A /* Main.storyboard */; };
		8FD3CC9C19BA460800F39D8A /* Images.xcassets in Resources */ = {isa = PBXBuildFile; fileRef = 8FD3CC9B19BA460800F39D8A /* Images.xcassets */; };
		8FD3CCA819BA460800F39D8A /* SegmentTests.swift in Sources */ = {isa = PBXBuildFile; fileRef = 8FD3CCA719BA460800F39D8A /* SegmentTests.swift */; };
/* End PBXBuildFile section */

/* Begin PBXContainerItemProxy section */
		8FD3CCA219BA460800F39D8A /* PBXContainerItemProxy */ = {
			isa = PBXContainerItemProxy;
			containerPortal = 8FD3CC8719BA460800F39D8A /* Project object */;
			proxyType = 1;
			remoteGlobalIDString = 8FD3CC8E19BA460800F39D8A;
			remoteInfo = Segment;
		};
/* End PBXContainerItemProxy section */

/* Begin PBXFileReference section */
		8FD3CC8F19BA460800F39D8A /* Segment.app */ = {isa = PBXFileReference; explicitFileType = wrapper.application; includeInIndex = 0; path = Segment.app; sourceTree = BUILT_PRODUCTS_DIR; };
		8FD3CC9319BA460800F39D8A /* Info.plist */ = {isa = PBXFileReference; lastKnownFileType = text.plist.xml; path = Info.plist; sourceTree = "<group>"; };
		8FD3CC9419BA460800F39D8A /* AppDelegate.swift */ = {isa = PBXFileReference; lastKnownFileType = sourcecode.swift; path = AppDelegate.swift; sourceTree = "<group>"; };
		8FD3CC9619BA460800F39D8A /* ViewController.swift */ = {isa = PBXFileReference; lastKnownFileType = sourcecode.swift; path = ViewController.swift; sourceTree = "<group>"; };
		8FD3CC9919BA460800F39D8A /* Base */ = {isa = PBXFileReference; lastKnownFileType = file.storyboard; name = Base; path = Base.lproj/Main.storyboard; sourceTree = "<group>"; };
		8FD3CC9B19BA460800F39D8A /* Images.xcassets */ = {isa = PBXFileReference; lastKnownFileType = folder.assetcatalog; path = Images.xcassets; sourceTree = "<group>"; };
		8FD3CCA119BA460800F39D8A /* SegmentTests.xctest */ = {isa = PBXFileReference; explicitFileType = wrapper.cfbundle; includeInIndex = 0; path = SegmentTests.xctest; sourceTree = BUILT_PRODUCTS_DIR; };
		8FD3CCA619BA460800F39D8A /* Info.plist */ = {isa = PBXFileReference; lastKnownFileType = text.plist.xml; path = Info.plist; sourceTree = "<group>"; };
		8FD3CCA719BA460800F39D8A /* SegmentTests.swift */ = {isa = PBXFileReference; lastKnownFileType = sourcecode.swift; path = SegmentTests.swift; sourceTree = "<group>"; };
/* End PBXFileReference section */

/* Begin PBXFrameworksBuildPhase section */
		8FD3CC8C19BA460800F39D8A /* Frameworks */ = {
			isa = PBXFrameworksBuildPhase;
			buildActionMask = 2147483647;
			files = (
			);
			runOnlyForDeploymentPostprocessing = 0;
		};
		8FD3CC9E19BA460800F39D8A /* Frameworks */ = {
			isa = PBXFrameworksBuildPhase;
			buildActionMask = 2147483647;
			files = (
			);
			runOnlyForDeploymentPostprocessing = 0;
		};
/* End PBXFrameworksBuildPhase section */

/* Begin PBXGroup section */
		8FD3CC8619BA460800F39D8A = {
			isa = PBXGroup;
			children = (
				8FD3CC9119BA460800F39D8A /* Segment */,
				8FD3CCA419BA460800F39D8A /* SegmentTests */,
				8FD3CC9019BA460800F39D8A /* Products */,
			);
			sourceTree = "<group>";
		};
		8FD3CC9019BA460800F39D8A /* Products */ = {
			isa = PBXGroup;
			children = (
				8FD3CC8F19BA460800F39D8A /* Segment.app */,
				8FD3CCA119BA460800F39D8A /* SegmentTests.xctest */,
			);
			name = Products;
			sourceTree = "<group>";
		};
		8FD3CC9119BA460800F39D8A /* Segment */ = {
			isa = PBXGroup;
			children = (
				8FD3CC9419BA460800F39D8A /* AppDelegate.swift */,
				8FD3CC9619BA460800F39D8A /* ViewController.swift */,
				8FD3CC9819BA460800F39D8A /* Main.storyboard */,
				8FD3CC9B19BA460800F39D8A /* Images.xcassets */,
				8FD3CC9219BA460800F39D8A /* Supporting Files */,
			);
			path = Segment;
			sourceTree = "<group>";
		};
		8FD3CC9219BA460800F39D8A /* Supporting Files */ = {
			isa = PBXGroup;
			children = (
				8FD3CC9319BA460800F39D8A /* Info.plist */,
			);
			name = "Supporting Files";
			sourceTree = "<group>";
		};
		8FD3CCA419BA460800F39D8A /* SegmentTests */ = {
			isa = PBXGroup;
			children = (
				8FD3CCA719BA460800F39D8A /* SegmentTests.swift */,
				8FD3CCA519BA460800F39D8A /* Supporting Files */,
			);
			path = SegmentTests;
			sourceTree = "<group>";
		};
		8FD3CCA519BA460800F39D8A /* Supporting Files */ = {
			isa = PBXGroup;
			children = (
				8FD3CCA619BA460800F39D8A /* Info.plist */,
			);
			name = "Supporting Files";
			sourceTree = "<group>";
		};
/* End PBXGroup section */

/* Begin PBXNativeTarget section */
		8FD3CC8E19BA460800F39D8A /* Segment */ = {
			isa = PBXNativeTarget;
			buildConfigurationList = 8FD3CCAB19BA460800F39D8A /* Build configuration list for PBXNativeTarget "Segment" */;
			buildPhases = (
				8FD3CC8B19BA460800F39D8A /* Sources */,
				8FD3CC8C19BA460800F39D8A /* Frameworks */,
				8FD3CC8D19BA460800F39D8A /* Resources */,
			);
			buildRules = (
			);
			dependencies = (
			);
			name = Segment;
			productName = Segment;
			productReference = 8FD3CC8F19BA460800F39D8A /* Segment.app */;
			productType = "com.apple.product-type.application";
		};
		8FD3CCA019BA460800F39D8A /* SegmentTests */ = {
			isa = PBXNativeTarget;
			buildConfigurationList = 8FD3CCAE19BA460800F39D8A /* Build configuration list for PBXNativeTarget "SegmentTests" */;
			buildPhases = (
				8FD3CC9D19BA460800F39D8A /* Sources */,
				8FD3CC9E19BA460800F39D8A /* Frameworks */,
				8FD3CC9F19BA460800F39D8A /* Resources */,
			);
			buildRules = (
			);
			dependencies = (
				8FD3CCA319BA460800F39D8A /* PBXTargetDependency */,
			);
			name = SegmentTests;
			productName = SegmentTests;
			productReference = 8FD3CCA119BA460800F39D8A /* SegmentTests.xctest */;
			productType = "com.apple.product-type.bundle.unit-test";
		};
/* End PBXNativeTarget section */

/* Begin PBXProject section */
		8FD3CC8719BA460800F39D8A /* Project object */ = {
			isa = PBXProject;
			attributes = {
				LastUpgradeCheck = 0600;
				ORGANIZATIONNAME = "Diego Caridei";
				TargetAttributes = {
					8FD3CC8E19BA460800F39D8A = {
						CreatedOnToolsVersion = 6.0;
					};
					8FD3CCA019BA460800F39D8A = {
						CreatedOnToolsVersion = 6.0;
						TestTargetID = 8FD3CC8E19BA460800F39D8A;
					};
				};
			};
			buildConfigurationList = 8FD3CC8A19BA460800F39D8A /* Build configuration list for PBXProject "Segment" */;
			compatibilityVersion = "Xcode 3.2";
			developmentRegion = English;
			hasScannedForEncodings = 0;
			knownRegions = (
				en,
				Base,
			);
			mainGroup = 8FD3CC8619BA460800F39D8A;
			productRefGroup = 8FD3CC9019BA460800F39D8A /* Products */;
			projectDirPath = "";
			projectRoot = "";
			targets = (
				8FD3CC8E19BA460800F39D8A /* Segment */,
				8FD3CCA019BA460800F39D8A /* SegmentTests */,
			);
		};
/* End PBXProject section */

/* Begin PBXResourcesBuildPhase section */
		8FD3CC8D19BA460800F39D8A /* Resources */ = {
			isa = PBXResourcesBuildPhase;
			buildActionMask = 2147483647;
			files = (
				8FD3CC9A19BA460800F39D8A /* Main.storyboard in Resources */,
				8FD3CC9C19BA460800F39D8A /* Images.xcassets in Resources */,
			);
			runOnlyForDeploymentPostprocessing = 0;
		};
		8FD3CC9F19BA460800F39D8A /* Resources */ = {
			isa = PBXResourcesBuildPhase;
			buildActionMask = 2147483647;
			files = (
			);
			runOnlyForDeploymentPostprocessing = 0;
		};
/* End PBXResourcesBuildPhase section */

/* Begin PBXSourcesBuildPhase section */
		8FD3CC8B19BA460800F39D8A /* Sources */ = {
			isa = PBXSourcesBuildPhase;
			buildActionMask = 2147483647;
			files = (
				8FD3CC9719BA460800F39D8A /* ViewController.swift in Sources */,
				8FD3CC9519BA460800F39D8A /* AppDelegate.swift in Sources */,
			);
			runOnlyForDeploymentPostprocessing = 0;
		};
		8FD3CC9D19BA460800F39D8A /* Sources */ = {
			isa = PBXSourcesBuildPhase;
			buildActionMask = 2147483647;
			files = (
				8FD3CCA819BA460800F39D8A /* SegmentTests.swift in Sources */,
			);
			runOnlyForDeploymentPostprocessing = 0;
		};
/* End PBXSourcesBuildPhase section */

/* Begin PBXTargetDependency section */
		8FD3CCA319BA460800F39D8A /* PBXTargetDependency */ = {
			isa = PBXTargetDependency;
			target = 8FD3CC8E19BA460800F39D8A /* Segment */;
			targetProxy = 8FD3CCA219BA460800F39D8A /* PBXContainerItemProxy */;
		};
/* End PBXTargetDependency section */

/* Begin PBXVariantGroup section */
		8FD3CC9819BA460800F39D8A /* Main.storyboard */ = {
			isa = PBXVariantGroup;
			children = (
				8FD3CC9919BA460800F39D8A /* Base */,
			);
			name = Main.storyboard;
			sourceTree = "<group>";
		};
/* End PBXVariantGroup section */

/* Begin XCBuildConfiguration section */
		8FD3CCA919BA460800F39D8A /* Debug */ = {
			isa = XCBuildConfiguration;
			buildSettings = {
				ALWAYS_SEARCH_USER_PATHS = NO;
				CLANG_CXX_LANGUAGE_STANDARD = "gnu++0x";
				CLANG_CXX_LIBRARY = "libc++";
				CLANG_ENABLE_MODULES = YES;
				CLANG_ENABLE_OBJC_ARC = YES;
				CLANG_WARN_BOOL_CONVERSION = YES;
				CLANG_WARN_CONSTANT_CONVERSION = YES;
				CLANG_WARN_DIRECT_OBJC_ISA_USAGE = YES_ERROR;
				CLANG_WARN_EMPTY_BODY = YES;
				CLANG_WARN_ENUM_CONVERSION = YES;
				CLANG_WARN_INT_CONVERSION = YES;
				CLANG_WARN_OBJC_ROOT_CLASS = YES_ERROR;
				CLANG_WARN_UNREACHABLE_CODE = YES;
				CLANG_WARN__DUPLICATE_METHOD_MATCH = YES;
				"CODE_SIGN_IDENTITY[sdk=iphoneos*]" = "iPhone Developer";
				COPY_PHASE_STRIP = NO;
				ENABLE_STRICT_OBJC_MSGSEND = YES;
				GCC_C_LANGUAGE_STANDARD = gnu99;
				GCC_DYNAMIC_NO_PIC = NO;
				GCC_OPTIMIZATION_LEVEL = 0;
				GCC_PREPROCESSOR_DEFINITIONS = (
					"DEBUG=1",
					"$(inherited)",
				);
				GCC_SYMBOLS_PRIVATE_EXTERN = NO;
				GCC_WARN_64_TO_32_BIT_CONVERSION = YES;
				GCC_WARN_ABOUT_RETURN_TYPE = YES_ERROR;
				GCC_WARN_UNDECLARED_SELECTOR = YES;
				GCC_WARN_UNINITIALIZED_AUTOS = YES_AGGRESSIVE;
				GCC_WARN_UNUSED_FUNCTION = YES;
				GCC_WARN_UNUSED_VARIABLE = YES;
				IPHONEOS_DEPLOYMENT_TARGET = 8.0;
				MTL_ENABLE_DEBUG_INFO = YES;
				ONLY_ACTIVE_ARCH = YES;
				SDKROOT = iphoneos;
				SWIFT_OPTIMIZATION_LEVEL = "-Onone";
			};
			name = Debug;
		};
		8FD3CCAA19BA460800F39D8A /* Release */ = {
			isa = XCBuildConfiguration;
			buildSettings = {
				ALWAYS_SEARCH_USER_PATHS = NO;
				CLANG_CXX_LANGUAGE_STANDARD = "gnu++0x";
				CLANG_CXX_LIBRARY = "libc++";
				CLANG_ENABLE_MODULES = YES;
				CLANG_ENABLE_OBJC_ARC = YES;
				CLANG_WARN_BOOL_CONVERSION = YES;
				CLANG_WARN_CONSTANT_CONVERSION = YES;
				CLANG_WARN_DIRECT_OBJC_ISA_USAGE = YES_ERROR;
				CLANG_WARN_EMPTY_BODY = YES;
				CLANG_WARN_ENUM_CONVERSION = YES;
				CLANG_WARN_INT_CONVERSION = YES;
				CLANG_WARN_OBJC_ROOT_CLASS = YES_ERROR;
				CLANG_WARN_UNREACHABLE_CODE = YES;
				CLANG_WARN__DUPLICATE_METHOD_MATCH = YES;
				"CODE_SIGN_IDENTITY[sdk=iphoneos*]" = "iPhone Developer";
				COPY_PHASE_STRIP = YES;
				ENABLE_NS_ASSERTIONS = NO;
				ENABLE_STRICT_OBJC_MSGSEND = YES;
				GCC_C_LANGUAGE_STANDARD = gnu99;
				GCC_WARN_64_TO_32_BIT_CONVERSION = YES;
				GCC_WARN_ABOUT_RETURN_TYPE = YES_ERROR;
				GCC_WARN_UNDECLARED_SELECTOR = YES;
				GCC_WARN_UNINITIALIZED_AUTOS = YES_AGGRESSIVE;
				GCC_WARN_UNUSED_FUNCTION = YES;
				GCC_WARN_UNUSED_VARIABLE = YES;
				IPHONEOS_DEPLOYMENT_TARGET = 8.0;
				MTL_ENABLE_DEBUG_INFO = NO;
				SDKROOT = iphoneos;
				VALIDATE_PRODUCT = YES;
			};
			name = Release;
		};
		8FD3CCAC19BA460800F39D8A /* Debug */ = {
			isa = XCBuildConfiguration;
			buildSettings = {
				ASSETCATALOG_COMPILER_APPICON_NAME = AppIcon;
				ASSETCATALOG_COMPILER_LAUNCHIMAGE_NAME = LaunchImage;
				INFOPLIST_FILE = Segment/Info.plist;
				LD_RUNPATH_SEARCH_PATHS = "$(inherited) @executable_path/Frameworks";
				PRODUCT_NAME = "$(TARGET_NAME)";
			};
			name = Debug;
		};
		8FD3CCAD19BA460800F39D8A /* Release */ = {
			isa = XCBuildConfiguration;
			buildSettings = {
				ASSETCATALOG_COMPILER_APPICON_NAME = AppIcon;
				ASSETCATALOG_COMPILER_LAUNCHIMAGE_NAME = LaunchImage;
				INFOPLIST_FILE = Segment/Info.plist;
				LD_RUNPATH_SEARCH_PATHS = "$(inherited) @executable_path/Frameworks";
				PRODUCT_NAME = "$(TARGET_NAME)";
			};
			name = Release;
		};
		8FD3CCAF19BA460800F39D8A /* Debug */ = {
			isa = XCBuildConfiguration;
			buildSettings = {
				BUNDLE_LOADER = "$(TEST_HOST)";
				FRAMEWORK_SEARCH_PATHS = (
					"$(SDKROOT)/Developer/Library/Frameworks",
					"$(inherited)",
				);
				GCC_PREPROCESSOR_DEFINITIONS = (
					"DEBUG=1",
					"$(inherited)",
				);
				INFOPLIST_FILE = SegmentTests/Info.plist;
				LD_RUNPATH_SEARCH_PATHS = "$(inherited) @executable_path/Frameworks @loader_path/Frameworks";
				PRODUCT_NAME = "$(TARGET_NAME)";
				TEST_HOST = "$(BUILT_PRODUCTS_DIR)/Segment.app/Segment";
			};
			name = Debug;
		};
		8FD3CCB019BA460800F39D8A /* Release */ = {
			isa = XCBuildConfiguration;
			buildSettings = {
				BUNDLE_LOADER = "$(TEST_HOST)";
				FRAMEWORK_SEARCH_PATHS = (
					"$(SDKROOT)/Developer/Library/Frameworks",
					"$(inherited)",
				);
				INFOPLIST_FILE = SegmentTests/Info.plist;
				LD_RUNPATH_SEARCH_PATHS = "$(inherited) @executable_path/Frameworks @loader_path/Frameworks";
				PRODUCT_NAME = "$(TARGET_NAME)";
				TEST_HOST = "$(BUILT_PRODUCTS_DIR)/Segment.app/Segment";
			};
			name = Release;
		};
/* End XCBuildConfiguration section */

/* Begin XCConfigurationList section */
		8FD3CC8A19BA460800F39D8A /* Build configuration list for PBXProject "Segment" */ = {
			isa = XCConfigurationList;
			buildConfigurations = (
				8FD3CCA919BA460800F39D8A /* Debug */,
				8FD3CCAA19BA460800F39D8A /* Release */,
			);
			defaultConfigurationIsVisible = 0;
			defaultConfigurationName = Release;
		};
		8FD3CCAB19BA460800F39D8A /* Build configuration list for PBXNativeTarget "Segment" */ = {
			isa = XCConfigurationList;
			buildConfigurations = (
				8FD3CCAC19BA460800F39D8A /* Debug */,
				8FD3CCAD19BA460800F39D8A /* Release */,
			);
			defaultConfigurationIsVisible = 0;
		};
		8FD3CCAE19BA460800F39D8A /* Build configuration list for PBXNativeTarget "SegmentTests" */ = {
			isa = XCConfigurationList;
			buildConfigurations = (
				8FD3CCAF19BA460800F39D8A /* Debug */,
				8FD3CCB019BA460800F39D8A /* Release */,
			);
			defaultConfigurationIsVisible = 0;
		};
/* End XCConfigurationList section */
	};
	rootObject = 8FD3CC8719BA460800F39D8A /* Project object */;
}
